
Microsoft Visual Studio Solution File, Format Version 12.00
# Visual Studio Version 16
VisualStudioVersion = 16.0.31829.152
MinimumVisualStudioVersion = 10.0.40219.1
Project("{FAE04EC0-301F-11D3-BF4B-00C04F79EFBC}") = "BusinessLayer_KlantBestelling", "BusinessLayer_KlantBestelling\BusinessLayer_KlantBestelling.csproj", "{0555AE14-2B77-4ACD-B3CD-109D08E24824}"
EndProject
Project("{FAE04EC0-301F-11D3-BF4B-00C04F79EFBC}") = "API_KlantBestelling", "API_KlantBestelling\API_KlantBestelling.csproj", "{FA01DC9D-706D-449D-ADBB-4BB13F3E163B}"
EndProject
Project("{FAE04EC0-301F-11D3-BF4B-00C04F79EFBC}") = "DataLayer_KlantBestelling", "DataLayer_KlantBestelling\DataLayer_KlantBestelling.csproj", "{C5381831-0F31-4FB9-A404-19AC065AE83A}"
EndProject
Global
	GlobalSection(SolutionConfigurationPlatforms) = preSolution
		Debug|Any CPU = Debug|Any CPU
		Release|Any CPU = Release|Any CPU
	EndGlobalSection
	GlobalSection(ProjectConfigurationPlatforms) = postSolution
		{0555AE14-2B77-4ACD-B3CD-109D08E24824}.Debug|Any CPU.ActiveCfg = Debug|Any CPU
		{0555AE14-2B77-4ACD-B3CD-109D08E24824}.Debug|Any CPU.Build.0 = Debug|Any CPU
		{0555AE14-2B77-4ACD-B3CD-109D08E24824}.Release|Any CPU.ActiveCfg = Release|Any CPU
		{0555AE14-2B77-4ACD-B3CD-109D08E24824}.Release|Any CPU.Build.0 = Release|Any CPU
		{FA01DC9D-706D-449D-ADBB-4BB13F3E163B}.Debug|Any CPU.ActiveCfg = Debug|Any CPU
		{FA01DC9D-706D-449D-ADBB-4BB13F3E163B}.Debug|Any CPU.Build.0 = Debug|Any CPU
		{FA01DC9D-706D-449D-ADBB-4BB13F3E163B}.Release|Any CPU.ActiveCfg = Release|Any CPU
		{FA01DC9D-706D-449D-ADBB-4BB13F3E163B}.Release|Any CPU.Build.0 = Release|Any CPU
		{C5381831-0F31-4FB9-A404-19AC065AE83A}.Debug|Any CPU.ActiveCfg = Debug|Any CPU
		{C5381831-0F31-4FB9-A404-19AC065AE83A}.Debug|Any CPU.Build.0 = Debug|Any CPU
		{C5381831-0F31-4FB9-A404-19AC065AE83A}.Release|Any CPU.ActiveCfg = Release|Any CPU
		{C5381831-0F31-4FB9-A404-19AC065AE83A}.Release|Any CPU.Build.0 = Release|Any CPU
	EndGlobalSection
	GlobalSection(SolutionProperties) = preSolution
		HideSolutionNode = FALSE
	EndGlobalSection
	GlobalSection(ExtensibilityGlobals) = postSolution
		SolutionGuid = {A74B0AEC-1019-4A1F-ABB0-5F48071E8625}
	EndGlobalSection
EndGlobal
